
Microsoft Visual Studio Solution File, Format Version 12.00
# Visual Studio 15
VisualStudioVersion = 15.0.26124.0
MinimumVisualStudioVersion = 15.0.26124.0
Project("{2150E333-8FDC-42A3-9474-1A3956D46DE8}") = ".paket", ".paket", "{3B1EA7C2-67B0-40BF-9A77-70F51CB38441}"
	ProjectSection(SolutionItems) = preProject
		paket.dependencies = paket.dependencies
	EndProjectSection
EndProject
Project("{2150E333-8FDC-42A3-9474-1A3956D46DE8}") = "src", "src", "{20E3D4CE-AAE2-4A23-9310-0D30A161A828}"
EndProject
Project("{F2A71F9B-5D33-465A-A702-920D77279786}") = "EdelweissData.Provider", "src\EdelweissData.Provider\EdelweissData.Provider.fsproj", "{D5ECC504-2081-4A65-9695-E85189FEC229}"
EndProject
Project("{2150E333-8FDC-42A3-9474-1A3956D46DE8}") = "test", "test", "{AEF390A7-9A77-4583-8DD4-78B288467AA7}"
EndProject
Project("{F2A71F9B-5D33-465A-A702-920D77279786}") = "EdelweissData.Test", "test\EdelweissData.Test\EdelweissData.Test.fsproj", "{E0C89363-D56C-4557-B745-ADCD173AA939}"
EndProject
Global
	GlobalSection(SolutionConfigurationPlatforms) = preSolution
		Debug|Any CPU = Debug|Any CPU
		Debug|x64 = Debug|x64
		Debug|x86 = Debug|x86
		Release|Any CPU = Release|Any CPU
		Release|x64 = Release|x64
		Release|x86 = Release|x86
	EndGlobalSection
	GlobalSection(SolutionProperties) = preSolution
		HideSolutionNode = FALSE
	EndGlobalSection
	GlobalSection(ProjectConfigurationPlatforms) = postSolution
		{D5ECC504-2081-4A65-9695-E85189FEC229}.Debug|Any CPU.ActiveCfg = Debug|Any CPU
		{D5ECC504-2081-4A65-9695-E85189FEC229}.Debug|Any CPU.Build.0 = Debug|Any CPU
		{D5ECC504-2081-4A65-9695-E85189FEC229}.Debug|x64.ActiveCfg = Debug|Any CPU
		{D5ECC504-2081-4A65-9695-E85189FEC229}.Debug|x64.Build.0 = Debug|Any CPU
		{D5ECC504-2081-4A65-9695-E85189FEC229}.Debug|x86.ActiveCfg = Debug|Any CPU
		{D5ECC504-2081-4A65-9695-E85189FEC229}.Debug|x86.Build.0 = Debug|Any CPU
		{D5ECC504-2081-4A65-9695-E85189FEC229}.Release|Any CPU.ActiveCfg = Release|Any CPU
		{D5ECC504-2081-4A65-9695-E85189FEC229}.Release|Any CPU.Build.0 = Release|Any CPU
		{D5ECC504-2081-4A65-9695-E85189FEC229}.Release|x64.ActiveCfg = Release|Any CPU
		{D5ECC504-2081-4A65-9695-E85189FEC229}.Release|x64.Build.0 = Release|Any CPU
		{D5ECC504-2081-4A65-9695-E85189FEC229}.Release|x86.ActiveCfg = Release|Any CPU
		{D5ECC504-2081-4A65-9695-E85189FEC229}.Release|x86.Build.0 = Release|Any CPU
		{E0C89363-D56C-4557-B745-ADCD173AA939}.Debug|Any CPU.ActiveCfg = Debug|Any CPU
		{E0C89363-D56C-4557-B745-ADCD173AA939}.Debug|Any CPU.Build.0 = Debug|Any CPU
		{E0C89363-D56C-4557-B745-ADCD173AA939}.Debug|x64.ActiveCfg = Debug|Any CPU
		{E0C89363-D56C-4557-B745-ADCD173AA939}.Debug|x64.Build.0 = Debug|Any CPU
		{E0C89363-D56C-4557-B745-ADCD173AA939}.Debug|x86.ActiveCfg = Debug|Any CPU
		{E0C89363-D56C-4557-B745-ADCD173AA939}.Debug|x86.Build.0 = Debug|Any CPU
		{E0C89363-D56C-4557-B745-ADCD173AA939}.Release|Any CPU.ActiveCfg = Release|Any CPU
		{E0C89363-D56C-4557-B745-ADCD173AA939}.Release|Any CPU.Build.0 = Release|Any CPU
		{E0C89363-D56C-4557-B745-ADCD173AA939}.Release|x64.ActiveCfg = Release|Any CPU
		{E0C89363-D56C-4557-B745-ADCD173AA939}.Release|x64.Build.0 = Release|Any CPU
		{E0C89363-D56C-4557-B745-ADCD173AA939}.Release|x86.ActiveCfg = Release|Any CPU
		{E0C89363-D56C-4557-B745-ADCD173AA939}.Release|x86.Build.0 = Release|Any CPU
	EndGlobalSection
	GlobalSection(NestedProjects) = preSolution
		{D5ECC504-2081-4A65-9695-E85189FEC229} = {20E3D4CE-AAE2-4A23-9310-0D30A161A828}
		{E0C89363-D56C-4557-B745-ADCD173AA939} = {AEF390A7-9A77-4583-8DD4-78B288467AA7}
	EndGlobalSection
EndGlobal
